
Microsoft Visual Studio Solution File, Format Version 12.00
# Visual Studio 14
VisualStudioVersion = 14.0.25123.0
MinimumVisualStudioVersion = 10.0.40219.1
Project("{FAE04EC0-301F-11D3-BF4B-00C04F79EFBC}") = "Simple Game", "Simple Game\Simple Game.csproj", "{A84DD57B-5AFE-46B7-9471-215E33A5D87B}"
EndProject
Project("{FAE04EC0-301F-11D3-BF4B-00C04F79EFBC}") = "SimpleGame.Engine", "SimpleGame.Engine\SimpleGame.Engine.csproj", "{FA9BE0F8-4A0F-42A9-815C-13D84EF4F463}"
EndProject
Global
	GlobalSection(SolutionConfigurationPlatforms) = preSolution
		Debug|Any CPU = Debug|Any CPU
		Release|Any CPU = Release|Any CPU
	EndGlobalSection
	GlobalSection(ProjectConfigurationPlatforms) = postSolution
		{A84DD57B-5AFE-46B7-9471-215E33A5D87B}.Debug|Any CPU.ActiveCfg = Debug|Any CPU
		{A84DD57B-5AFE-46B7-9471-215E33A5D87B}.Debug|Any CPU.Build.0 = Debug|Any CPU
		{A84DD57B-5AFE-46B7-9471-215E33A5D87B}.Release|Any CPU.ActiveCfg = Release|Any CPU
		{A84DD57B-5AFE-46B7-9471-215E33A5D87B}.Release|Any CPU.Build.0 = Release|Any CPU
		{FA9BE0F8-4A0F-42A9-815C-13D84EF4F463}.Debug|Any CPU.ActiveCfg = Debug|Any CPU
		{FA9BE0F8-4A0F-42A9-815C-13D84EF4F463}.Debug|Any CPU.Build.0 = Debug|Any CPU
		{FA9BE0F8-4A0F-42A9-815C-13D84EF4F463}.Release|Any CPU.ActiveCfg = Release|Any CPU
		{FA9BE0F8-4A0F-42A9-815C-13D84EF4F463}.Release|Any CPU.Build.0 = Release|Any CPU
	EndGlobalSection
	GlobalSection(SolutionProperties) = preSolution
		HideSolutionNode = FALSE
	EndGlobalSection
EndGlobal
